
Microsoft Visual Studio Solution File, Format Version 12.00
# Visual Studio Version 17
VisualStudioVersion = 17.9.34728.123
MinimumVisualStudioVersion = 10.0.40219.1
Project("{FAE04EC0-301F-11D3-BF4B-00C04F79EFBC}") = "AngularMasterDetails", "AngularMasterDetails\AngularMasterDetails.csproj", "{59D264E7-3BA6-4176-B835-FB95C2949730}"
EndProject
Global
	GlobalSection(SolutionConfigurationPlatforms) = preSolution
		Debug|Any CPU = Debug|Any CPU
		Release|Any CPU = Release|Any CPU
	EndGlobalSection
	GlobalSection(ProjectConfigurationPlatforms) = postSolution
		{59D264E7-3BA6-4176-B835-FB95C2949730}.Debug|Any CPU.ActiveCfg = Debug|Any CPU
		{59D264E7-3BA6-4176-B835-FB95C2949730}.Debug|Any CPU.Build.0 = Debug|Any CPU
		{59D264E7-3BA6-4176-B835-FB95C2949730}.Release|Any CPU.ActiveCfg = Release|Any CPU
		{59D264E7-3BA6-4176-B835-FB95C2949730}.Release|Any CPU.Build.0 = Release|Any CPU
	EndGlobalSection
	GlobalSection(SolutionProperties) = preSolution
		HideSolutionNode = FALSE
	EndGlobalSection
	GlobalSection(ExtensibilityGlobals) = postSolution
		SolutionGuid = {61B728F7-01FA-4F0E-ABB6-2686A2121F26}
	EndGlobalSection
EndGlobal
